
Microsoft Visual Studio Solution File, Format Version 12.00
# Visual Studio Version 16
VisualStudioVersion = 16.0.31402.337
MinimumVisualStudioVersion = 10.0.40219.1
Project("{FAE04EC0-301F-11D3-BF4B-00C04F79EFBC}") = "CarRentalSystem", "CarRentalSystem\CarRentalSystem.csproj", "{930102C5-03F5-48CA-A3B8-F3B9B2A6D990}"
EndProject
Project("{FAE04EC0-301F-11D3-BF4B-00C04F79EFBC}") = "DataModel", "DataModel\DataModel.csproj", "{CAF5F672-B9A8-4347-AE5B-1912FC4A16F3}"
EndProject
Global
	GlobalSection(SolutionConfigurationPlatforms) = preSolution
		Debug|Any CPU = Debug|Any CPU
		Release|Any CPU = Release|Any CPU
	EndGlobalSection
	GlobalSection(ProjectConfigurationPlatforms) = postSolution
		{930102C5-03F5-48CA-A3B8-F3B9B2A6D990}.Debug|Any CPU.ActiveCfg = Debug|Any CPU
		{930102C5-03F5-48CA-A3B8-F3B9B2A6D990}.Debug|Any CPU.Build.0 = Debug|Any CPU
		{930102C5-03F5-48CA-A3B8-F3B9B2A6D990}.Release|Any CPU.ActiveCfg = Release|Any CPU
		{930102C5-03F5-48CA-A3B8-F3B9B2A6D990}.Release|Any CPU.Build.0 = Release|Any CPU
		{CAF5F672-B9A8-4347-AE5B-1912FC4A16F3}.Debug|Any CPU.ActiveCfg = Debug|Any CPU
		{CAF5F672-B9A8-4347-AE5B-1912FC4A16F3}.Debug|Any CPU.Build.0 = Debug|Any CPU
		{CAF5F672-B9A8-4347-AE5B-1912FC4A16F3}.Release|Any CPU.ActiveCfg = Release|Any CPU
		{CAF5F672-B9A8-4347-AE5B-1912FC4A16F3}.Release|Any CPU.Build.0 = Release|Any CPU
	EndGlobalSection
	GlobalSection(SolutionProperties) = preSolution
		HideSolutionNode = FALSE
	EndGlobalSection
	GlobalSection(ExtensibilityGlobals) = postSolution
		SolutionGuid = {78059D1C-3DFD-4712-AF09-4B713B7D5C36}
	EndGlobalSection
EndGlobal
